// !$*UTF8*$!
{
	archiveVersion = 1;
	classes = {
	};
	objectVersion = 77;
	objects = {

/* Begin PBXBuildFile section */
		0AE7404B2E69E7B2007001CC /* FluidAudio in Frameworks */ = {isa = PBXBuildFile; productRef = 0AE7404A2E69E7B2007001CC /* FluidAudio */; };
/* End PBXBuildFile section */

/* Begin PBXContainerItemProxy section */
		0AE73FB82E6954E1007001CC /* PBXContainerItemProxy */ = {
			isa = PBXContainerItemProxy;
			containerPortal = 0AE73FA12E6954E0007001CC /* Project object */;
			proxyType = 1;
			remoteGlobalIDString = 0AE73FA82E6954E0007001CC;
			remoteInfo = "WonderWhisper Mac";
		};
		0AE73FC22E6954E1007001CC /* PBXContainerItemProxy */ = {
			isa = PBXContainerItemProxy;
			containerPortal = 0AE73FA12E6954E0007001CC /* Project object */;
			proxyType = 1;
			remoteGlobalIDString = 0AE73FA82E6954E0007001CC;
			remoteInfo = "WonderWhisper Mac";
		};
/* End PBXContainerItemProxy section */

/* Begin PBXFileReference section */
		0AE73FA92E6954E0007001CC /* WonderWhisper Mac.app */ = {isa = PBXFileReference; explicitFileType = wrapper.application; includeInIndex = 0; path = "WonderWhisper Mac.app"; sourceTree = BUILT_PRODUCTS_DIR; };
		0AE73FB72E6954E1007001CC /* WonderWhisper MacTests.xctest */ = {isa = PBXFileReference; explicitFileType = wrapper.cfbundle; includeInIndex = 0; path = "WonderWhisper MacTests.xctest"; sourceTree = BUILT_PRODUCTS_DIR; };
		0AE73FC12E6954E1007001CC /* WonderWhisper MacUITests.xctest */ = {isa = PBXFileReference; explicitFileType = wrapper.cfbundle; includeInIndex = 0; path = "WonderWhisper MacUITests.xctest"; sourceTree = BUILT_PRODUCTS_DIR; };
/* End PBXFileReference section */

/* Begin PBXFileSystemSynchronizedRootGroup section */
		0AE73FAB2E6954E0007001CC /* WonderWhisper Mac */ = {
			isa = PBXFileSystemSynchronizedRootGroup;
			path = "WonderWhisper Mac";
			sourceTree = "<group>";
		};
		0AE73FBA2E6954E1007001CC /* WonderWhisper MacTests */ = {
			isa = PBXFileSystemSynchronizedRootGroup;
			path = "WonderWhisper MacTests";
			sourceTree = "<group>";
		};
		0AE73FC42E6954E1007001CC /* WonderWhisper MacUITests */ = {
			isa = PBXFileSystemSynchronizedRootGroup;
			path = "WonderWhisper MacUITests";
			sourceTree = "<group>";
		};
/* End PBXFileSystemSynchronizedRootGroup section */

/* Begin PBXFrameworksBuildPhase section */
		0AE73FA62E6954E0007001CC /* Frameworks */ = {
			isa = PBXFrameworksBuildPhase;
			buildActionMask = 2147483647;
			files = (
				0AE7404B2E69E7B2007001CC /* FluidAudio in Frameworks */,
			);
			runOnlyForDeploymentPostprocessing = 0;
		};
		0AE73FB42E6954E1007001CC /* Frameworks */ = {
			isa = PBXFrameworksBuildPhase;
			buildActionMask = 2147483647;
			files = (
			);
			runOnlyForDeploymentPostprocessing = 0;
		};
		0AE73FBE2E6954E1007001CC /* Frameworks */ = {
			isa = PBXFrameworksBuildPhase;
			buildActionMask = 2147483647;
			files = (
			);
			runOnlyForDeploymentPostprocessing = 0;
		};
/* End PBXFrameworksBuildPhase section */

/* Begin PBXGroup section */
		0AE73FA02E6954E0007001CC = {
			isa = PBXGroup;
			children = (
				0AE73FAB2E6954E0007001CC /* WonderWhisper Mac */,
				0AE73FBA2E6954E1007001CC /* WonderWhisper MacTests */,
				0AE73FC42E6954E1007001CC /* WonderWhisper MacUITests */,
				0AE740452E69E3E2007001CC /* Frameworks */,
				0AE73FAA2E6954E0007001CC /* Products */,
			);
			sourceTree = "<group>";
		};
		0AE73FAA2E6954E0007001CC /* Products */ = {
			isa = PBXGroup;
			children = (
				0AE73FA92E6954E0007001CC /* WonderWhisper Mac.app */,
				0AE73FB72E6954E1007001CC /* WonderWhisper MacTests.xctest */,
				0AE73FC12E6954E1007001CC /* WonderWhisper MacUITests.xctest */,
			);
			name = Products;
			sourceTree = "<group>";
		};
		0AE740452E69E3E2007001CC /* Frameworks */ = {
			isa = PBXGroup;
			children = (
			);
			name = Frameworks;
			sourceTree = "<group>";
		};
/* End PBXGroup section */

/* Begin PBXNativeTarget section */
		0AE73FA82E6954E0007001CC /* WonderWhisper Mac */ = {
			isa = PBXNativeTarget;
			buildConfigurationList = 0AE73FCB2E6954E1007001CC /* Build configuration list for PBXNativeTarget "WonderWhisper Mac" */;
			buildPhases = (
				0AE73FA52E6954E0007001CC /* Sources */,
				0AE73FA62E6954E0007001CC /* Frameworks */,
				0AE73FA72E6954E0007001CC /* Resources */,
			);
			buildRules = (
			);
			dependencies = (
			);
			fileSystemSynchronizedGroups = (
				0AE73FAB2E6954E0007001CC /* WonderWhisper Mac */,
			);
			name = "WonderWhisper Mac";
			packageProductDependencies = (
				0AE7404A2E69E7B2007001CC /* FluidAudio */,
			);
			productName = "WonderWhisper Mac";
			productReference = 0AE73FA92E6954E0007001CC /* WonderWhisper Mac.app */;
			productType = "com.apple.product-type.application";
		};
		0AE73FB62E6954E1007001CC /* WonderWhisper MacTests */ = {
			isa = PBXNativeTarget;
			buildConfigurationList = 0AE73FCE2E6954E1007001CC /* Build configuration list for PBXNativeTarget "WonderWhisper MacTests" */;
			buildPhases = (
				0AE73FB32E6954E1007001CC /* Sources */,
				0AE73FB42E6954E1007001CC /* Frameworks */,
				0AE73FB52E6954E1007001CC /* Resources */,
			);
			buildRules = (
			);
			dependencies = (
				0AE73FB92E6954E1007001CC /* PBXTargetDependency */,
			);
			fileSystemSynchronizedGroups = (
				0AE73FBA2E6954E1007001CC /* WonderWhisper MacTests */,
			);
			name = "WonderWhisper MacTests";
			packageProductDependencies = (
			);
			productName = "WonderWhisper MacTests";
			productReference = 0AE73FB72E6954E1007001CC /* WonderWhisper MacTests.xctest */;
			productType = "com.apple.product-type.bundle.unit-test";
		};
		0AE73FC02E6954E1007001CC /* WonderWhisper MacUITests */ = {
			isa = PBXNativeTarget;
			buildConfigurationList = 0AE73FD12E6954E1007001CC /* Build configuration list for PBXNativeTarget "WonderWhisper MacUITests" */;
			buildPhases = (
				0AE73FBD2E6954E1007001CC /* Sources */,
				0AE73FBE2E6954E1007001CC /* Frameworks */,
				0AE73FBF2E6954E1007001CC /* Resources */,
			);
			buildRules = (
			);
			dependencies = (
				0AE73FC32E6954E1007001CC /* PBXTargetDependency */,
			);
			fileSystemSynchronizedGroups = (
				0AE73FC42E6954E1007001CC /* WonderWhisper MacUITests */,
			);
			name = "WonderWhisper MacUITests";
			packageProductDependencies = (
			);
			productName = "WonderWhisper MacUITests";
			productReference = 0AE73FC12E6954E1007001CC /* WonderWhisper MacUITests.xctest */;
			productType = "com.apple.product-type.bundle.ui-testing";
		};
/* End PBXNativeTarget section */

/* Begin PBXProject section */
		0AE73FA12E6954E0007001CC /* Project object */ = {
			isa = PBXProject;
			attributes = {
				BuildIndependentTargetsInParallel = 1;
				LastSwiftUpdateCheck = 1640;
				LastUpgradeCheck = 1640;
				TargetAttributes = {
					0AE73FA82E6954E0007001CC = {
						CreatedOnToolsVersion = 16.4;
					};
					0AE73FB62E6954E1007001CC = {
						CreatedOnToolsVersion = 16.4;
						TestTargetID = 0AE73FA82E6954E0007001CC;
					};
					0AE73FC02E6954E1007001CC = {
						CreatedOnToolsVersion = 16.4;
						TestTargetID = 0AE73FA82E6954E0007001CC;
					};
				};
			};
			buildConfigurationList = 0AE73FA42E6954E0007001CC /* Build configuration list for PBXProject "WonderWhisper Mac" */;
			developmentRegion = en;
			hasScannedForEncodings = 0;
			knownRegions = (
				en,
				Base,
			);
			mainGroup = 0AE73FA02E6954E0007001CC;
			minimizedProjectReferenceProxies = 1;
			packageReferences = (
				0AE740422E69E14A007001CC /* XCRemoteSwiftPackageReference "FluidAudio" */,
			);
			preferredProjectObjectVersion = 77;
			productRefGroup = 0AE73FAA2E6954E0007001CC /* Products */;
			projectDirPath = "";
			projectRoot = "";
			targets = (
				0AE73FA82E6954E0007001CC /* WonderWhisper Mac */,
				0AE73FB62E6954E1007001CC /* WonderWhisper MacTests */,
				0AE73FC02E6954E1007001CC /* WonderWhisper MacUITests */,
			);
		};
/* End PBXProject section */

/* Begin PBXResourcesBuildPhase section */
		0AE73FA72E6954E0007001CC /* Resources */ = {
			isa = PBXResourcesBuildPhase;
			buildActionMask = 2147483647;
			files = (
			);
			runOnlyForDeploymentPostprocessing = 0;
		};
		0AE73FB52E6954E1007001CC /* Resources */ = {
			isa = PBXResourcesBuildPhase;
			buildActionMask = 2147483647;
			files = (
			);
			runOnlyForDeploymentPostprocessing = 0;
		};
		0AE73FBF2E6954E1007001CC /* Resources */ = {
			isa = PBXResourcesBuildPhase;
			buildActionMask = 2147483647;
			files = (
			);
			runOnlyForDeploymentPostprocessing = 0;
		};
/* End PBXResourcesBuildPhase section */

/* Begin PBXSourcesBuildPhase section */
		0AE73FA52E6954E0007001CC /* Sources */ = {
			isa = PBXSourcesBuildPhase;
			buildActionMask = 2147483647;
			files = (
			);
			runOnlyForDeploymentPostprocessing = 0;
		};
		0AE73FB32E6954E1007001CC /* Sources */ = {
			isa = PBXSourcesBuildPhase;
			buildActionMask = 2147483647;
			files = (
			);
			runOnlyForDeploymentPostprocessing = 0;
		};
		0AE73FBD2E6954E1007001CC /* Sources */ = {
			isa = PBXSourcesBuildPhase;
			buildActionMask = 2147483647;
			files = (
			);
			runOnlyForDeploymentPostprocessing = 0;
		};
/* End PBXSourcesBuildPhase section */

/* Begin PBXTargetDependency section */
		0AE73FB92E6954E1007001CC /* PBXTargetDependency */ = {
			isa = PBXTargetDependency;
			target = 0AE73FA82E6954E0007001CC /* WonderWhisper Mac */;
			targetProxy = 0AE73FB82E6954E1007001CC /* PBXContainerItemProxy */;
		};
		0AE73FC32E6954E1007001CC /* PBXTargetDependency */ = {
			isa = PBXTargetDependency;
			target = 0AE73FA82E6954E0007001CC /* WonderWhisper Mac */;
			targetProxy = 0AE73FC22E6954E1007001CC /* PBXContainerItemProxy */;
		};
/* End PBXTargetDependency section */

/* Begin XCBuildConfiguration section */
		0AE73FC92E6954E1007001CC /* Debug */ = {
			isa = XCBuildConfiguration;
			buildSettings = {
				ALWAYS_SEARCH_USER_PATHS = NO;
				ASSETCATALOG_COMPILER_GENERATE_SWIFT_ASSET_SYMBOL_EXTENSIONS = YES;
				CLANG_ANALYZER_NONNULL = YES;
				CLANG_ANALYZER_NUMBER_OBJECT_CONVERSION = YES_AGGRESSIVE;
				CLANG_CXX_LANGUAGE_STANDARD = "gnu++20";
				CLANG_ENABLE_MODULES = YES;
				CLANG_ENABLE_OBJC_ARC = YES;
				CLANG_ENABLE_OBJC_WEAK = YES;
				CLANG_WARN_BLOCK_CAPTURE_AUTORELEASING = YES;
				CLANG_WARN_BOOL_CONVERSION = YES;
				CLANG_WARN_COMMA = YES;
				CLANG_WARN_CONSTANT_CONVERSION = YES;
				CLANG_WARN_DEPRECATED_OBJC_IMPLEMENTATIONS = YES;
				CLANG_WARN_DIRECT_OBJC_ISA_USAGE = YES_ERROR;
				CLANG_WARN_DOCUMENTATION_COMMENTS = YES;
				CLANG_WARN_EMPTY_BODY = YES;
				CLANG_WARN_ENUM_CONVERSION = YES;
				CLANG_WARN_INFINITE_RECURSION = YES;
				CLANG_WARN_INT_CONVERSION = YES;
				CLANG_WARN_NON_LITERAL_NULL_CONVERSION = YES;
				CLANG_WARN_OBJC_IMPLICIT_RETAIN_SELF = YES;
				CLANG_WARN_OBJC_LITERAL_CONVERSION = YES;
				CLANG_WARN_OBJC_ROOT_CLASS = YES_ERROR;
				CLANG_WARN_QUOTED_INCLUDE_IN_FRAMEWORK_HEADER = YES;
				CLANG_WARN_RANGE_LOOP_ANALYSIS = YES;
				CLANG_WARN_STRICT_PROTOTYPES = YES;
				CLANG_WARN_SUSPICIOUS_MOVE = YES;
				CLANG_WARN_UNGUARDED_AVAILABILITY = YES_AGGRESSIVE;
				CLANG_WARN_UNREACHABLE_CODE = YES;
				CLANG_WARN__DUPLICATE_METHOD_MATCH = YES;
				COPY_PHASE_STRIP = NO;
				DEBUG_INFORMATION_FORMAT = dwarf;
				DEVELOPMENT_TEAM = 44WC3UNX99;
				ENABLE_STRICT_OBJC_MSGSEND = YES;
				ENABLE_TESTABILITY = YES;
				ENABLE_USER_SCRIPT_SANDBOXING = YES;
				GCC_C_LANGUAGE_STANDARD = gnu17;
				GCC_DYNAMIC_NO_PIC = NO;
				GCC_NO_COMMON_BLOCKS = YES;
				GCC_OPTIMIZATION_LEVEL = 0;
				GCC_PREPROCESSOR_DEFINITIONS = (
					"DEBUG=1",
					"$(inherited)",
				);
				GCC_WARN_64_TO_32_BIT_CONVERSION = YES;
				GCC_WARN_ABOUT_RETURN_TYPE = YES_ERROR;
				GCC_WARN_UNDECLARED_SELECTOR = YES;
				GCC_WARN_UNINITIALIZED_AUTOS = YES_AGGRESSIVE;
				GCC_WARN_UNUSED_FUNCTION = YES;
				GCC_WARN_UNUSED_VARIABLE = YES;
				LOCALIZATION_PREFERS_STRING_CATALOGS = YES;
				MACOSX_DEPLOYMENT_TARGET = 15.5;
				MTL_ENABLE_DEBUG_INFO = INCLUDE_SOURCE;
				MTL_FAST_MATH = YES;
				ONLY_ACTIVE_ARCH = YES;
				SDKROOT = macosx;
				SWIFT_ACTIVE_COMPILATION_CONDITIONS = "DEBUG $(inherited)";
				SWIFT_OPTIMIZATION_LEVEL = "-Onone";
			};
			name = Debug;
		};
		0AE73FCA2E6954E1007001CC /* Release */ = {
			isa = XCBuildConfiguration;
			buildSettings = {
				ALWAYS_SEARCH_USER_PATHS = NO;
				ASSETCATALOG_COMPILER_GENERATE_SWIFT_ASSET_SYMBOL_EXTENSIONS = YES;
				CLANG_ANALYZER_NONNULL = YES;
				CLANG_ANALYZER_NUMBER_OBJECT_CONVERSION = YES_AGGRESSIVE;
				CLANG_CXX_LANGUAGE_STANDARD = "gnu++20";
				CLANG_ENABLE_MODULES = YES;
				CLANG_ENABLE_OBJC_ARC = YES;
				CLANG_ENABLE_OBJC_WEAK = YES;
				CLANG_WARN_BLOCK_CAPTURE_AUTORELEASING = YES;
				CLANG_WARN_BOOL_CONVERSION = YES;
				CLANG_WARN_COMMA = YES;
				CLANG_WARN_CONSTANT_CONVERSION = YES;
				CLANG_WARN_DEPRECATED_OBJC_IMPLEMENTATIONS = YES;
				CLANG_WARN_DIRECT_OBJC_ISA_USAGE = YES_ERROR;
				CLANG_WARN_DOCUMENTATION_COMMENTS = YES;
				CLANG_WARN_EMPTY_BODY = YES;
				CLANG_WARN_ENUM_CONVERSION = YES;
				CLANG_WARN_INFINITE_RECURSION = YES;
				CLANG_WARN_INT_CONVERSION = YES;
				CLANG_WARN_NON_LITERAL_NULL_CONVERSION = YES;
				CLANG_WARN_OBJC_IMPLICIT_RETAIN_SELF = YES;
				CLANG_WARN_OBJC_LITERAL_CONVERSION = YES;
				CLANG_WARN_OBJC_ROOT_CLASS = YES_ERROR;
				CLANG_WARN_QUOTED_INCLUDE_IN_FRAMEWORK_HEADER = YES;
				CLANG_WARN_RANGE_LOOP_ANALYSIS = YES;
				CLANG_WARN_STRICT_PROTOTYPES = YES;
				CLANG_WARN_SUSPICIOUS_MOVE = YES;
				CLANG_WARN_UNGUARDED_AVAILABILITY = YES_AGGRESSIVE;
				CLANG_WARN_UNREACHABLE_CODE = YES;
				CLANG_WARN__DUPLICATE_METHOD_MATCH = YES;
				COPY_PHASE_STRIP = NO;
				DEBUG_INFORMATION_FORMAT = "dwarf-with-dsym";
				DEVELOPMENT_TEAM = 44WC3UNX99;
				ENABLE_NS_ASSERTIONS = NO;
				ENABLE_STRICT_OBJC_MSGSEND = YES;
				ENABLE_USER_SCRIPT_SANDBOXING = YES;
				GCC_C_LANGUAGE_STANDARD = gnu17;
				GCC_NO_COMMON_BLOCKS = YES;
				GCC_WARN_64_TO_32_BIT_CONVERSION = YES;
				GCC_WARN_ABOUT_RETURN_TYPE = YES_ERROR;
				GCC_WARN_UNDECLARED_SELECTOR = YES;
				GCC_WARN_UNINITIALIZED_AUTOS = YES_AGGRESSIVE;
				GCC_WARN_UNUSED_FUNCTION = YES;
				GCC_WARN_UNUSED_VARIABLE = YES;
				LOCALIZATION_PREFERS_STRING_CATALOGS = YES;
				MACOSX_DEPLOYMENT_TARGET = 15.5;
				MTL_ENABLE_DEBUG_INFO = NO;
				MTL_FAST_MATH = YES;
				SDKROOT = macosx;
				SWIFT_COMPILATION_MODE = wholemodule;
			};
			name = Release;
		};
		0AE73FCC2E6954E1007001CC /* Debug */ = {
			isa = XCBuildConfiguration;
			buildSettings = {
				ASSETCATALOG_COMPILER_APPICON_NAME = AppIcon;
				ASSETCATALOG_COMPILER_GLOBAL_ACCENT_COLOR_NAME = AccentColor;
				CODE_SIGN_ENTITLEMENTS = "WonderWhisper Mac/WonderWhisper_Mac.entitlements";
				CODE_SIGN_STYLE = Automatic;
				COMBINE_HIDPI_IMAGES = YES;
				CURRENT_PROJECT_VERSION = 1;
				DEVELOPMENT_TEAM = 44WC3UNX99;
				ENABLE_HARDENED_RUNTIME = YES;
				ENABLE_PREVIEWS = YES;
				GENERATE_INFOPLIST_FILE = YES;
				INFOPLIST_KEY_NSHumanReadableCopyright = "";
				INFOPLIST_KEY_NSMicrophoneUsageDescription = "WonderWhisper needs microphone access to transcribe your speech.";
				LD_RUNPATH_SEARCH_PATHS = (
					"$(inherited)",
					"@executable_path/../Frameworks",
				);
				MARKETING_VERSION = 1.0;
				PRODUCT_BUNDLE_IDENTIFIER = "com.slumdev88.wonderwhisper.WonderWhisper-Mac";
				PRODUCT_NAME = "$(TARGET_NAME)";
				REGISTER_APP_GROUPS = YES;
				SWIFT_ACTIVE_COMPILATION_CONDITIONS = "DEBUG $(inherited) ENABLE_NATIVE_SPEECH_ANALYZER";
				SWIFT_EMIT_LOC_STRINGS = YES;
				SWIFT_OBJC_BRIDGING_HEADER = "WonderWhisper Mac/WonderWhisper-Mac-Bridging-Header.h";
				SWIFT_VERSION = 5.0;
			};
			name = Debug;
		};
		0AE73FCD2E6954E1007001CC /* Release */ = {
			isa = XCBuildConfiguration;
			buildSettings = {
				ASSETCATALOG_COMPILER_APPICON_NAME = AppIcon;
				ASSETCATALOG_COMPILER_GLOBAL_ACCENT_COLOR_NAME = AccentColor;
				CODE_SIGN_ENTITLEMENTS = "WonderWhisper Mac/WonderWhisper_Mac.entitlements";
				CODE_SIGN_STYLE = Automatic;
				COMBINE_HIDPI_IMAGES = YES;
				CURRENT_PROJECT_VERSION = 1;
				DEVELOPMENT_TEAM = 44WC3UNX99;
				ENABLE_HARDENED_RUNTIME = YES;
				ENABLE_PREVIEWS = YES;
				GENERATE_INFOPLIST_FILE = YES;
				INFOPLIST_KEY_NSHumanReadableCopyright = "";
				INFOPLIST_KEY_NSMicrophoneUsageDescription = "WonderWhisper needs microphone access to transcribe your speech.";
				LD_RUNPATH_SEARCH_PATHS = (
					"$(inherited)",
					"@executable_path/../Frameworks",
				);
				MARKETING_VERSION = 1.0;
				PRODUCT_BUNDLE_IDENTIFIER = "com.slumdev88.wonderwhisper.WonderWhisper-Mac";
				PRODUCT_NAME = "$(TARGET_NAME)";
				REGISTER_APP_GROUPS = YES;
				SWIFT_ACTIVE_COMPILATION_CONDITIONS = ENABLE_NATIVE_SPEECH_ANALYZER;
				SWIFT_EMIT_LOC_STRINGS = YES;
				SWIFT_OBJC_BRIDGING_HEADER = "WonderWhisper Mac/WonderWhisper-Mac-Bridging-Header.h";
				SWIFT_VERSION = 5.0;
			};
			name = Release;
		};
		0AE73FCF2E6954E1007001CC /* Debug */ = {
			isa = XCBuildConfiguration;
			buildSettings = {
				BUNDLE_LOADER = "$(TEST_HOST)";
				CODE_SIGN_STYLE = Automatic;
				CURRENT_PROJECT_VERSION = 1;
				DEVELOPMENT_TEAM = 44WC3UNX99;
				GENERATE_INFOPLIST_FILE = YES;
				MACOSX_DEPLOYMENT_TARGET = 15.5;
				MARKETING_VERSION = 1.0;
				PRODUCT_BUNDLE_IDENTIFIER = "com.slumdev88.wonderwhisper.WonderWhisper-MacTests";
				PRODUCT_NAME = "$(TARGET_NAME)";
				SWIFT_EMIT_LOC_STRINGS = NO;
				SWIFT_VERSION = 5.0;
				TEST_HOST = "$(BUILT_PRODUCTS_DIR)/WonderWhisper Mac.app/$(BUNDLE_EXECUTABLE_FOLDER_PATH)/WonderWhisper Mac";
			};
			name = Debug;
		};
		0AE73FD02E6954E1007001CC /* Release */ = {
			isa = XCBuildConfiguration;
			buildSettings = {
				BUNDLE_LOADER = "$(TEST_HOST)";
				CODE_SIGN_STYLE = Automatic;
				CURRENT_PROJECT_VERSION = 1;
				DEVELOPMENT_TEAM = 44WC3UNX99;
				GENERATE_INFOPLIST_FILE = YES;
				MACOSX_DEPLOYMENT_TARGET = 15.5;
				MARKETING_VERSION = 1.0;
				PRODUCT_BUNDLE_IDENTIFIER = "com.slumdev88.wonderwhisper.WonderWhisper-MacTests";
				PRODUCT_NAME = "$(TARGET_NAME)";
				SWIFT_EMIT_LOC_STRINGS = NO;
				SWIFT_VERSION = 5.0;
				TEST_HOST = "$(BUILT_PRODUCTS_DIR)/WonderWhisper Mac.app/$(BUNDLE_EXECUTABLE_FOLDER_PATH)/WonderWhisper Mac";
			};
			name = Release;
		};
		0AE73FD22E6954E1007001CC /* Debug */ = {
			isa = XCBuildConfiguration;
			buildSettings = {
				CODE_SIGN_STYLE = Automatic;
				CURRENT_PROJECT_VERSION = 1;
				DEVELOPMENT_TEAM = 44WC3UNX99;
				GENERATE_INFOPLIST_FILE = YES;
				MARKETING_VERSION = 1.0;
				PRODUCT_BUNDLE_IDENTIFIER = "com.slumdev88.wonderwhisper.WonderWhisper-MacUITests";
				PRODUCT_NAME = "$(TARGET_NAME)";
				SWIFT_EMIT_LOC_STRINGS = NO;
				SWIFT_VERSION = 5.0;
				TEST_TARGET_NAME = "WonderWhisper Mac";
			};
			name = Debug;
		};
		0AE73FD32E6954E1007001CC /* Release */ = {
			isa = XCBuildConfiguration;
			buildSettings = {
				CODE_SIGN_STYLE = Automatic;
				CURRENT_PROJECT_VERSION = 1;
				DEVELOPMENT_TEAM = 44WC3UNX99;
				GENERATE_INFOPLIST_FILE = YES;
				MARKETING_VERSION = 1.0;
				PRODUCT_BUNDLE_IDENTIFIER = "com.slumdev88.wonderwhisper.WonderWhisper-MacUITests";
				PRODUCT_NAME = "$(TARGET_NAME)";
				SWIFT_EMIT_LOC_STRINGS = NO;
				SWIFT_VERSION = 5.0;
				TEST_TARGET_NAME = "WonderWhisper Mac";
			};
			name = Release;
		};
/* End XCBuildConfiguration section */

/* Begin XCConfigurationList section */
		0AE73FA42E6954E0007001CC /* Build configuration list for PBXProject "WonderWhisper Mac" */ = {
			isa = XCConfigurationList;
			buildConfigurations = (
				0AE73FC92E6954E1007001CC /* Debug */,
				0AE73FCA2E6954E1007001CC /* Release */,
			);
			defaultConfigurationIsVisible = 0;
			defaultConfigurationName = Release;
		};
		0AE73FCB2E6954E1007001CC /* Build configuration list for PBXNativeTarget "WonderWhisper Mac" */ = {
			isa = XCConfigurationList;
			buildConfigurations = (
				0AE73FCC2E6954E1007001CC /* Debug */,
				0AE73FCD2E6954E1007001CC /* Release */,
			);
			defaultConfigurationIsVisible = 0;
			defaultConfigurationName = Release;
		};
		0AE73FCE2E6954E1007001CC /* Build configuration list for PBXNativeTarget "WonderWhisper MacTests" */ = {
			isa = XCConfigurationList;
			buildConfigurations = (
				0AE73FCF2E6954E1007001CC /* Debug */,
				0AE73FD02E6954E1007001CC /* Release */,
			);
			defaultConfigurationIsVisible = 0;
			defaultConfigurationName = Release;
		};
		0AE73FD12E6954E1007001CC /* Build configuration list for PBXNativeTarget "WonderWhisper MacUITests" */ = {
			isa = XCConfigurationList;
			buildConfigurations = (
				0AE73FD22E6954E1007001CC /* Debug */,
				0AE73FD32E6954E1007001CC /* Release */,
			);
			defaultConfigurationIsVisible = 0;
			defaultConfigurationName = Release;
		};
/* End XCConfigurationList section */

/* Begin XCRemoteSwiftPackageReference section */
		0AE740422E69E14A007001CC /* XCRemoteSwiftPackageReference "FluidAudio" */ = {
			isa = XCRemoteSwiftPackageReference;
			repositoryURL = "https://github.com/FluidInference/FluidAudio";
			requirement = {
				kind = exactVersion;
				version = 0.14.4;
			};
		};
/* End XCRemoteSwiftPackageReference section */

/* Begin XCSwiftPackageProductDependency section */
		0AE7404A2E69E7B2007001CC /* FluidAudio */ = {
			isa = XCSwiftPackageProductDependency;
			package = 0AE740422E69E14A007001CC /* XCRemoteSwiftPackageReference "FluidAudio" */;
			productName = FluidAudio;
		};
/* End XCSwiftPackageProductDependency section */
	};
	rootObject = 0AE73FA12E6954E0007001CC /* Project object */;
}
