{
  "originHash" : "4943735d6dca5128731d88f03eeff0312228f60c1a989eb1ca6e9aa269113113",
  "pins" : [
    {
      "identity" : "fluidaudio",
      "kind" : "remoteSourceControl",
      "location" : "https://github.com/FluidInference/FluidAudio",
      "state" : {
        "revision" : "8136bd0642e7c5ce1f6f5b2931890266aeecb08c",
        "version" : "0.7.8"
      }
    }
  ],
  "version" : 3
}
