{
  "originHash" : "4943735d6dca5128731d88f03eeff0312228f60c1a989eb1ca6e9aa269113113",
  "pins" : [
    {
      "identity" : "fluidaudio",
      "kind" : "remoteSourceControl",
      "location" : "https://github.com/FluidInference/FluidAudio",
      "state" : {
        "revision" : "3bfd6f9e71867a68808604cd3d4c5a59a365f4e5",
        "version" : "0.6.0"
      }
    }
  ],
  "version" : 3
}
